
Microsoft Visual Studio Solution File, Format Version 12.00
# Visual Studio Version 17
VisualStudioVersion = 17.11.35222.181
MinimumVisualStudioVersion = 10.0.40219.1
Project("{9A19103F-16F7-4668-BE54-9A1E7A4F7556}") = "Task 1", "Seminar\Task 1.csproj", "{0BDE28D0-95C8-4213-8503-94A06AF4E990}"
EndProject
Project("{9A19103F-16F7-4668-BE54-9A1E7A4F7556}") = "Task 2", "Task 2\Task 2.csproj", "{02EACE62-B337-487D-9FCC-54099945A184}"
EndProject
Project("{FAE04EC0-301F-11D3-BF4B-00C04F79EFBC}") = "Tesk3", "Tesk3\Tesk3.csproj", "{E05AEB36-4813-405E-890C-9AC614C7DAF4}"
EndProject
Global
	GlobalSection(SolutionConfigurationPlatforms) = preSolution
		Debug|Any CPU = Debug|Any CPU
		Release|Any CPU = Release|Any CPU
	EndGlobalSection
	GlobalSection(ProjectConfigurationPlatforms) = postSolution
		{0BDE28D0-95C8-4213-8503-94A06AF4E990}.Debug|Any CPU.ActiveCfg = Debug|Any CPU
		{0BDE28D0-95C8-4213-8503-94A06AF4E990}.Debug|Any CPU.Build.0 = Debug|Any CPU
		{0BDE28D0-95C8-4213-8503-94A06AF4E990}.Release|Any CPU.ActiveCfg = Release|Any CPU
		{0BDE28D0-95C8-4213-8503-94A06AF4E990}.Release|Any CPU.Build.0 = Release|Any CPU
		{02EACE62-B337-487D-9FCC-54099945A184}.Debug|Any CPU.ActiveCfg = Debug|Any CPU
		{02EACE62-B337-487D-9FCC-54099945A184}.Debug|Any CPU.Build.0 = Debug|Any CPU
		{02EACE62-B337-487D-9FCC-54099945A184}.Release|Any CPU.ActiveCfg = Release|Any CPU
		{02EACE62-B337-487D-9FCC-54099945A184}.Release|Any CPU.Build.0 = Release|Any CPU
		{E05AEB36-4813-405E-890C-9AC614C7DAF4}.Debug|Any CPU.ActiveCfg = Debug|Any CPU
		{E05AEB36-4813-405E-890C-9AC614C7DAF4}.Debug|Any CPU.Build.0 = Debug|Any CPU
		{E05AEB36-4813-405E-890C-9AC614C7DAF4}.Release|Any CPU.ActiveCfg = Release|Any CPU
		{E05AEB36-4813-405E-890C-9AC614C7DAF4}.Release|Any CPU.Build.0 = Release|Any CPU
	EndGlobalSection
	GlobalSection(SolutionProperties) = preSolution
		HideSolutionNode = FALSE
	EndGlobalSection
	GlobalSection(ExtensibilityGlobals) = postSolution
		SolutionGuid = {B9B8763C-674F-403C-B0B3-001531A94F8E}
	EndGlobalSection
EndGlobal
